
Microsoft Visual Studio Solution File, Format Version 12.00
# Visual Studio Version 17
VisualStudioVersion = 17.0.31903.59
MinimumVisualStudioVersion = 10.0.40219.1
Project("{2150E333-8FDC-42A3-9474-1A3956D46DE8}") = "src", "src", "{827E0CD3-B72D-47B6-A68D-7590B98EB39B}"
EndProject
Project("{FAE04EC0-301F-11D3-BF4B-00C04F79EFBC}") = "Jarfter.Core", "src\Jarfter.Core\Jarfter.Core.csproj", "{2A046469-F5BA-4C16-9674-A443AA522331}"
EndProject
Project("{2150E333-8FDC-42A3-9474-1A3956D46DE8}") = "tests", "tests", "{0AB3BF05-4346-4AA6-1389-037BE0695223}"
EndProject
Project("{FAE04EC0-301F-11D3-BF4B-00C04F79EFBC}") = "Jarfter.Core.xUnit", "tests\Jarfter.Core.xUnit\Jarfter.Core.xUnit.csproj", "{C499B026-4F65-46DE-B9B9-8A7981819F67}"
EndProject
Project("{FAE04EC0-301F-11D3-BF4B-00C04F79EFBC}") = "Jarfter.Net.Client", "src\Jarfter.Net.Client\Jarfter.Net.Client.csproj", "{1F6D5F9E-E816-43C2-A64D-BE5EB25ADC23}"
EndProject
Project("{FAE04EC0-301F-11D3-BF4B-00C04F79EFBC}") = "Jarfter.Net.Protocol", "src\Jarfter.Net.Protocol\Jarfter.Net.Protocol.csproj", "{B9CEC468-AAE2-4BEE-95D4-A41BFEACD0FB}"
EndProject
Project("{FAE04EC0-301F-11D3-BF4B-00C04F79EFBC}") = "Jarfter.Net.Server", "src\Jarfter.Net.Server\Jarfter.Net.Server.csproj", "{370042E5-9A26-4A6C-9ED9-D1A1B1B6DBA2}"
EndProject
Project("{FAE04EC0-301F-11D3-BF4B-00C04F79EFBC}") = "Jarfter.Net.xUnit", "tests\Jarfter.Net.xUnit\Jarfter.Net.xUnit.csproj", "{76F45C78-D1C8-4896-972F-AD38A5528347}"
EndProject
Project("{FAE04EC0-301F-11D3-BF4B-00C04F79EFBC}") = "Jarfter.Net.Protocol.Generator", "generators\Jarfter.Net.Protocol.Generator\Jarfter.Net.Protocol.Generator.csproj", "{17D549E9-BDA5-4BBE-B64D-0137C83E9EF6}"
EndProject
Project("{2150E333-8FDC-42A3-9474-1A3956D46DE8}") = "generators", "generators", "{50A7955C-A0C5-4D10-8489-271D81F5CDD6}"
EndProject
Project("{FAE04EC0-301F-11D3-BF4B-00C04F79EFBC}") = "Jarfter.Hexagonal", "src\Jarfter.Hexagonal\Jarfter.Hexagonal.csproj", "{0EFA90D5-4A45-4D03-A487-ABE5A4AC1944}"
EndProject
Project("{FAE04EC0-301F-11D3-BF4B-00C04F79EFBC}") = "Jarfter.Hexagonal.xUnit", "tests\Jarfter.Hexagonal.xUnit\Jarfter.Hexagonal.xUnit.csproj", "{2CB092B1-096A-4A87-B696-A8017F614E4B}"
EndProject
Project("{FAE04EC0-301F-11D3-BF4B-00C04F79EFBC}") = "Jarfter.Hexagonal.Pathfinding", "src\Jarfter.Hexagonal.Pathfinding\Jarfter.Hexagonal.Pathfinding.csproj", "{A16B52E2-0C8A-47C5-92E2-4849174F71E8}"
EndProject
Project("{FAE04EC0-301F-11D3-BF4B-00C04F79EFBC}") = "Jarfter.Hexagonal.Pathfinding.xUnit", "tests\Jarfter.Hexagonal.Pathfinding.xUnit\Jarfter.Hexagonal.Pathfinding.xUnit.csproj", "{D3DD1926-DF6D-4E00-9689-8B7DA2F2B754}"
EndProject
Global
	GlobalSection(SolutionConfigurationPlatforms) = preSolution
		Debug|Any CPU = Debug|Any CPU
		Debug|x64 = Debug|x64
		Debug|x86 = Debug|x86
		Release|Any CPU = Release|Any CPU
		Release|x64 = Release|x64
		Release|x86 = Release|x86
	EndGlobalSection
	GlobalSection(ProjectConfigurationPlatforms) = postSolution
		{2A046469-F5BA-4C16-9674-A443AA522331}.Debug|Any CPU.ActiveCfg = Debug|Any CPU
		{2A046469-F5BA-4C16-9674-A443AA522331}.Debug|Any CPU.Build.0 = Debug|Any CPU
		{2A046469-F5BA-4C16-9674-A443AA522331}.Debug|x64.ActiveCfg = Debug|Any CPU
		{2A046469-F5BA-4C16-9674-A443AA522331}.Debug|x64.Build.0 = Debug|Any CPU
		{2A046469-F5BA-4C16-9674-A443AA522331}.Debug|x86.ActiveCfg = Debug|Any CPU
		{2A046469-F5BA-4C16-9674-A443AA522331}.Debug|x86.Build.0 = Debug|Any CPU
		{2A046469-F5BA-4C16-9674-A443AA522331}.Release|Any CPU.ActiveCfg = Release|Any CPU
		{2A046469-F5BA-4C16-9674-A443AA522331}.Release|Any CPU.Build.0 = Release|Any CPU
		{2A046469-F5BA-4C16-9674-A443AA522331}.Release|x64.ActiveCfg = Release|Any CPU
		{2A046469-F5BA-4C16-9674-A443AA522331}.Release|x64.Build.0 = Release|Any CPU
		{2A046469-F5BA-4C16-9674-A443AA522331}.Release|x86.ActiveCfg = Release|Any CPU
		{2A046469-F5BA-4C16-9674-A443AA522331}.Release|x86.Build.0 = Release|Any CPU
		{C499B026-4F65-46DE-B9B9-8A7981819F67}.Debug|Any CPU.ActiveCfg = Debug|Any CPU
		{C499B026-4F65-46DE-B9B9-8A7981819F67}.Debug|Any CPU.Build.0 = Debug|Any CPU
		{C499B026-4F65-46DE-B9B9-8A7981819F67}.Debug|x64.ActiveCfg = Debug|Any CPU
		{C499B026-4F65-46DE-B9B9-8A7981819F67}.Debug|x64.Build.0 = Debug|Any CPU
		{C499B026-4F65-46DE-B9B9-8A7981819F67}.Debug|x86.ActiveCfg = Debug|Any CPU
		{C499B026-4F65-46DE-B9B9-8A7981819F67}.Debug|x86.Build.0 = Debug|Any CPU
		{C499B026-4F65-46DE-B9B9-8A7981819F67}.Release|Any CPU.ActiveCfg = Release|Any CPU
		{C499B026-4F65-46DE-B9B9-8A7981819F67}.Release|Any CPU.Build.0 = Release|Any CPU
		{C499B026-4F65-46DE-B9B9-8A7981819F67}.Release|x64.ActiveCfg = Release|Any CPU
		{C499B026-4F65-46DE-B9B9-8A7981819F67}.Release|x64.Build.0 = Release|Any CPU
		{C499B026-4F65-46DE-B9B9-8A7981819F67}.Release|x86.ActiveCfg = Release|Any CPU
		{C499B026-4F65-46DE-B9B9-8A7981819F67}.Release|x86.Build.0 = Release|Any CPU
		{1F6D5F9E-E816-43C2-A64D-BE5EB25ADC23}.Debug|Any CPU.ActiveCfg = Debug|Any CPU
		{1F6D5F9E-E816-43C2-A64D-BE5EB25ADC23}.Debug|Any CPU.Build.0 = Debug|Any CPU
		{1F6D5F9E-E816-43C2-A64D-BE5EB25ADC23}.Debug|x64.ActiveCfg = Debug|Any CPU
		{1F6D5F9E-E816-43C2-A64D-BE5EB25ADC23}.Debug|x64.Build.0 = Debug|Any CPU
		{1F6D5F9E-E816-43C2-A64D-BE5EB25ADC23}.Debug|x86.ActiveCfg = Debug|Any CPU
		{1F6D5F9E-E816-43C2-A64D-BE5EB25ADC23}.Debug|x86.Build.0 = Debug|Any CPU
		{1F6D5F9E-E816-43C2-A64D-BE5EB25ADC23}.Release|Any CPU.ActiveCfg = Release|Any CPU
		{1F6D5F9E-E816-43C2-A64D-BE5EB25ADC23}.Release|Any CPU.Build.0 = Release|Any CPU
		{1F6D5F9E-E816-43C2-A64D-BE5EB25ADC23}.Release|x64.ActiveCfg = Release|Any CPU
		{1F6D5F9E-E816-43C2-A64D-BE5EB25ADC23}.Release|x64.Build.0 = Release|Any CPU
		{1F6D5F9E-E816-43C2-A64D-BE5EB25ADC23}.Release|x86.ActiveCfg = Release|Any CPU
		{1F6D5F9E-E816-43C2-A64D-BE5EB25ADC23}.Release|x86.Build.0 = Release|Any CPU
		{B9CEC468-AAE2-4BEE-95D4-A41BFEACD0FB}.Debug|Any CPU.ActiveCfg = Debug|Any CPU
		{B9CEC468-AAE2-4BEE-95D4-A41BFEACD0FB}.Debug|Any CPU.Build.0 = Debug|Any CPU
		{B9CEC468-AAE2-4BEE-95D4-A41BFEACD0FB}.Debug|x64.ActiveCfg = Debug|Any CPU
		{B9CEC468-AAE2-4BEE-95D4-A41BFEACD0FB}.Debug|x64.Build.0 = Debug|Any CPU
		{B9CEC468-AAE2-4BEE-95D4-A41BFEACD0FB}.Debug|x86.ActiveCfg = Debug|Any CPU
		{B9CEC468-AAE2-4BEE-95D4-A41BFEACD0FB}.Debug|x86.Build.0 = Debug|Any CPU
		{B9CEC468-AAE2-4BEE-95D4-A41BFEACD0FB}.Release|Any CPU.ActiveCfg = Release|Any CPU
		{B9CEC468-AAE2-4BEE-95D4-A41BFEACD0FB}.Release|Any CPU.Build.0 = Release|Any CPU
		{B9CEC468-AAE2-4BEE-95D4-A41BFEACD0FB}.Release|x64.ActiveCfg = Release|Any CPU
		{B9CEC468-AAE2-4BEE-95D4-A41BFEACD0FB}.Release|x64.Build.0 = Release|Any CPU
		{B9CEC468-AAE2-4BEE-95D4-A41BFEACD0FB}.Release|x86.ActiveCfg = Release|Any CPU
		{B9CEC468-AAE2-4BEE-95D4-A41BFEACD0FB}.Release|x86.Build.0 = Release|Any CPU
		{370042E5-9A26-4A6C-9ED9-D1A1B1B6DBA2}.Debug|Any CPU.ActiveCfg = Debug|Any CPU
		{370042E5-9A26-4A6C-9ED9-D1A1B1B6DBA2}.Debug|Any CPU.Build.0 = Debug|Any CPU
		{370042E5-9A26-4A6C-9ED9-D1A1B1B6DBA2}.Debug|x64.ActiveCfg = Debug|Any CPU
		{370042E5-9A26-4A6C-9ED9-D1A1B1B6DBA2}.Debug|x64.Build.0 = Debug|Any CPU
		{370042E5-9A26-4A6C-9ED9-D1A1B1B6DBA2}.Debug|x86.ActiveCfg = Debug|Any CPU
		{370042E5-9A26-4A6C-9ED9-D1A1B1B6DBA2}.Debug|x86.Build.0 = Debug|Any CPU
		{370042E5-9A26-4A6C-9ED9-D1A1B1B6DBA2}.Release|Any CPU.ActiveCfg = Release|Any CPU
		{370042E5-9A26-4A6C-9ED9-D1A1B1B6DBA2}.Release|Any CPU.Build.0 = Release|Any CPU
		{370042E5-9A26-4A6C-9ED9-D1A1B1B6DBA2}.Release|x64.ActiveCfg = Release|Any CPU
		{370042E5-9A26-4A6C-9ED9-D1A1B1B6DBA2}.Release|x64.Build.0 = Release|Any CPU
		{370042E5-9A26-4A6C-9ED9-D1A1B1B6DBA2}.Release|x86.ActiveCfg = Release|Any CPU
		{370042E5-9A26-4A6C-9ED9-D1A1B1B6DBA2}.Release|x86.Build.0 = Release|Any CPU
		{76F45C78-D1C8-4896-972F-AD38A5528347}.Debug|Any CPU.ActiveCfg = Debug|Any CPU
		{76F45C78-D1C8-4896-972F-AD38A5528347}.Debug|Any CPU.Build.0 = Debug|Any CPU
		{76F45C78-D1C8-4896-972F-AD38A5528347}.Debug|x64.ActiveCfg = Debug|Any CPU
		{76F45C78-D1C8-4896-972F-AD38A5528347}.Debug|x64.Build.0 = Debug|Any CPU
		{76F45C78-D1C8-4896-972F-AD38A5528347}.Debug|x86.ActiveCfg = Debug|Any CPU
		{76F45C78-D1C8-4896-972F-AD38A5528347}.Debug|x86.Build.0 = Debug|Any CPU
		{76F45C78-D1C8-4896-972F-AD38A5528347}.Release|Any CPU.ActiveCfg = Release|Any CPU
		{76F45C78-D1C8-4896-972F-AD38A5528347}.Release|Any CPU.Build.0 = Release|Any CPU
		{76F45C78-D1C8-4896-972F-AD38A5528347}.Release|x64.ActiveCfg = Release|Any CPU
		{76F45C78-D1C8-4896-972F-AD38A5528347}.Release|x64.Build.0 = Release|Any CPU
		{76F45C78-D1C8-4896-972F-AD38A5528347}.Release|x86.ActiveCfg = Release|Any CPU
		{76F45C78-D1C8-4896-972F-AD38A5528347}.Release|x86.Build.0 = Release|Any CPU
		{17D549E9-BDA5-4BBE-B64D-0137C83E9EF6}.Debug|Any CPU.ActiveCfg = Debug|Any CPU
		{17D549E9-BDA5-4BBE-B64D-0137C83E9EF6}.Debug|Any CPU.Build.0 = Debug|Any CPU
		{17D549E9-BDA5-4BBE-B64D-0137C83E9EF6}.Debug|x64.ActiveCfg = Debug|Any CPU
		{17D549E9-BDA5-4BBE-B64D-0137C83E9EF6}.Debug|x64.Build.0 = Debug|Any CPU
		{17D549E9-BDA5-4BBE-B64D-0137C83E9EF6}.Debug|x86.ActiveCfg = Debug|Any CPU
		{17D549E9-BDA5-4BBE-B64D-0137C83E9EF6}.Debug|x86.Build.0 = Debug|Any CPU
		{17D549E9-BDA5-4BBE-B64D-0137C83E9EF6}.Release|Any CPU.ActiveCfg = Release|Any CPU
		{17D549E9-BDA5-4BBE-B64D-0137C83E9EF6}.Release|Any CPU.Build.0 = Release|Any CPU
		{17D549E9-BDA5-4BBE-B64D-0137C83E9EF6}.Release|x64.ActiveCfg = Release|Any CPU
		{17D549E9-BDA5-4BBE-B64D-0137C83E9EF6}.Release|x64.Build.0 = Release|Any CPU
		{17D549E9-BDA5-4BBE-B64D-0137C83E9EF6}.Release|x86.ActiveCfg = Release|Any CPU
		{17D549E9-BDA5-4BBE-B64D-0137C83E9EF6}.Release|x86.Build.0 = Release|Any CPU
		{0EFA90D5-4A45-4D03-A487-ABE5A4AC1944}.Debug|Any CPU.ActiveCfg = Debug|Any CPU
		{0EFA90D5-4A45-4D03-A487-ABE5A4AC1944}.Debug|Any CPU.Build.0 = Debug|Any CPU
		{0EFA90D5-4A45-4D03-A487-ABE5A4AC1944}.Debug|x64.ActiveCfg = Debug|Any CPU
		{0EFA90D5-4A45-4D03-A487-ABE5A4AC1944}.Debug|x64.Build.0 = Debug|Any CPU
		{0EFA90D5-4A45-4D03-A487-ABE5A4AC1944}.Debug|x86.ActiveCfg = Debug|Any CPU
		{0EFA90D5-4A45-4D03-A487-ABE5A4AC1944}.Debug|x86.Build.0 = Debug|Any CPU
		{0EFA90D5-4A45-4D03-A487-ABE5A4AC1944}.Release|Any CPU.ActiveCfg = Release|Any CPU
		{0EFA90D5-4A45-4D03-A487-ABE5A4AC1944}.Release|Any CPU.Build.0 = Release|Any CPU
		{0EFA90D5-4A45-4D03-A487-ABE5A4AC1944}.Release|x64.ActiveCfg = Release|Any CPU
		{0EFA90D5-4A45-4D03-A487-ABE5A4AC1944}.Release|x64.Build.0 = Release|Any CPU
		{0EFA90D5-4A45-4D03-A487-ABE5A4AC1944}.Release|x86.ActiveCfg = Release|Any CPU
		{0EFA90D5-4A45-4D03-A487-ABE5A4AC1944}.Release|x86.Build.0 = Release|Any CPU
		{2CB092B1-096A-4A87-B696-A8017F614E4B}.Debug|Any CPU.ActiveCfg = Debug|Any CPU
		{2CB092B1-096A-4A87-B696-A8017F614E4B}.Debug|Any CPU.Build.0 = Debug|Any CPU
		{2CB092B1-096A-4A87-B696-A8017F614E4B}.Debug|x64.ActiveCfg = Debug|Any CPU
		{2CB092B1-096A-4A87-B696-A8017F614E4B}.Debug|x64.Build.0 = Debug|Any CPU
		{2CB092B1-096A-4A87-B696-A8017F614E4B}.Debug|x86.ActiveCfg = Debug|Any CPU
		{2CB092B1-096A-4A87-B696-A8017F614E4B}.Debug|x86.Build.0 = Debug|Any CPU
		{2CB092B1-096A-4A87-B696-A8017F614E4B}.Release|Any CPU.ActiveCfg = Release|Any CPU
		{2CB092B1-096A-4A87-B696-A8017F614E4B}.Release|Any CPU.Build.0 = Release|Any CPU
		{2CB092B1-096A-4A87-B696-A8017F614E4B}.Release|x64.ActiveCfg = Release|Any CPU
		{2CB092B1-096A-4A87-B696-A8017F614E4B}.Release|x64.Build.0 = Release|Any CPU
		{2CB092B1-096A-4A87-B696-A8017F614E4B}.Release|x86.ActiveCfg = Release|Any CPU
		{2CB092B1-096A-4A87-B696-A8017F614E4B}.Release|x86.Build.0 = Release|Any CPU
		{A16B52E2-0C8A-47C5-92E2-4849174F71E8}.Debug|Any CPU.ActiveCfg = Debug|Any CPU
		{A16B52E2-0C8A-47C5-92E2-4849174F71E8}.Debug|Any CPU.Build.0 = Debug|Any CPU
		{A16B52E2-0C8A-47C5-92E2-4849174F71E8}.Debug|x64.ActiveCfg = Debug|Any CPU
		{A16B52E2-0C8A-47C5-92E2-4849174F71E8}.Debug|x64.Build.0 = Debug|Any CPU
		{A16B52E2-0C8A-47C5-92E2-4849174F71E8}.Debug|x86.ActiveCfg = Debug|Any CPU
		{A16B52E2-0C8A-47C5-92E2-4849174F71E8}.Debug|x86.Build.0 = Debug|Any CPU
		{A16B52E2-0C8A-47C5-92E2-4849174F71E8}.Release|Any CPU.ActiveCfg = Release|Any CPU
		{A16B52E2-0C8A-47C5-92E2-4849174F71E8}.Release|Any CPU.Build.0 = Release|Any CPU
		{A16B52E2-0C8A-47C5-92E2-4849174F71E8}.Release|x64.ActiveCfg = Release|Any CPU
		{A16B52E2-0C8A-47C5-92E2-4849174F71E8}.Release|x64.Build.0 = Release|Any CPU
		{A16B52E2-0C8A-47C5-92E2-4849174F71E8}.Release|x86.ActiveCfg = Release|Any CPU
		{A16B52E2-0C8A-47C5-92E2-4849174F71E8}.Release|x86.Build.0 = Release|Any CPU
		{D3DD1926-DF6D-4E00-9689-8B7DA2F2B754}.Debug|Any CPU.ActiveCfg = Debug|Any CPU
		{D3DD1926-DF6D-4E00-9689-8B7DA2F2B754}.Debug|Any CPU.Build.0 = Debug|Any CPU
		{D3DD1926-DF6D-4E00-9689-8B7DA2F2B754}.Debug|x64.ActiveCfg = Debug|Any CPU
		{D3DD1926-DF6D-4E00-9689-8B7DA2F2B754}.Debug|x64.Build.0 = Debug|Any CPU
		{D3DD1926-DF6D-4E00-9689-8B7DA2F2B754}.Debug|x86.ActiveCfg = Debug|Any CPU
		{D3DD1926-DF6D-4E00-9689-8B7DA2F2B754}.Debug|x86.Build.0 = Debug|Any CPU
		{D3DD1926-DF6D-4E00-9689-8B7DA2F2B754}.Release|Any CPU.ActiveCfg = Release|Any CPU
		{D3DD1926-DF6D-4E00-9689-8B7DA2F2B754}.Release|Any CPU.Build.0 = Release|Any CPU
		{D3DD1926-DF6D-4E00-9689-8B7DA2F2B754}.Release|x64.ActiveCfg = Release|Any CPU
		{D3DD1926-DF6D-4E00-9689-8B7DA2F2B754}.Release|x64.Build.0 = Release|Any CPU
		{D3DD1926-DF6D-4E00-9689-8B7DA2F2B754}.Release|x86.ActiveCfg = Release|Any CPU
		{D3DD1926-DF6D-4E00-9689-8B7DA2F2B754}.Release|x86.Build.0 = Release|Any CPU
	EndGlobalSection
	GlobalSection(SolutionProperties) = preSolution
		HideSolutionNode = FALSE
	EndGlobalSection
	GlobalSection(NestedProjects) = preSolution
		{2A046469-F5BA-4C16-9674-A443AA522331} = {827E0CD3-B72D-47B6-A68D-7590B98EB39B}
		{C499B026-4F65-46DE-B9B9-8A7981819F67} = {0AB3BF05-4346-4AA6-1389-037BE0695223}
		{1F6D5F9E-E816-43C2-A64D-BE5EB25ADC23} = {827E0CD3-B72D-47B6-A68D-7590B98EB39B}
		{B9CEC468-AAE2-4BEE-95D4-A41BFEACD0FB} = {827E0CD3-B72D-47B6-A68D-7590B98EB39B}
		{370042E5-9A26-4A6C-9ED9-D1A1B1B6DBA2} = {827E0CD3-B72D-47B6-A68D-7590B98EB39B}
		{76F45C78-D1C8-4896-972F-AD38A5528347} = {0AB3BF05-4346-4AA6-1389-037BE0695223}
		{17D549E9-BDA5-4BBE-B64D-0137C83E9EF6} = {50A7955C-A0C5-4D10-8489-271D81F5CDD6}
		{0EFA90D5-4A45-4D03-A487-ABE5A4AC1944} = {827E0CD3-B72D-47B6-A68D-7590B98EB39B}
		{2CB092B1-096A-4A87-B696-A8017F614E4B} = {0AB3BF05-4346-4AA6-1389-037BE0695223}
		{A16B52E2-0C8A-47C5-92E2-4849174F71E8} = {827E0CD3-B72D-47B6-A68D-7590B98EB39B}
		{D3DD1926-DF6D-4E00-9689-8B7DA2F2B754} = {0AB3BF05-4346-4AA6-1389-037BE0695223}
	EndGlobalSection
EndGlobal
